// !$*UTF8*$!
{
	archiveVersion = 1;
	classes = {
	};
	objectVersion = 56;
	objects = {

/* Begin PBXBuildFile section */
		228B49F12A24E03D0095B8D5 /* AppDelegate.swift in Sources */ = {isa = PBXBuildFile; fileRef = 228B49F02A24E03D0095B8D5 /* AppDelegate.swift */; };
		228B49F32A24E03D0095B8D5 /* SceneDelegate.swift in Sources */ = {isa = PBXBuildFile; fileRef = 228B49F22A24E03D0095B8D5 /* SceneDelegate.swift */; };
		228B49F52A24E03D0095B8D5 /* ViewController.swift in Sources */ = {isa = PBXBuildFile; fileRef = 228B49F42A24E03D0095B8D5 /* ViewController.swift */; };
		228B49F82A24E03D0095B8D5 /* Main.storyboard in Resources */ = {isa = PBXBuildFile; fileRef = 228B49F62A24E03D0095B8D5 /* Main.storyboard */; };
		228B49FB2A24E03D0095B8D5 /* Exercise1.xcdatamodeld in Sources */ = {isa = PBXBuildFile; fileRef = 228B49F92A24E03D0095B8D5 /* Exercise1.xcdatamodeld */; };
		228B49FD2A24E03F0095B8D5 /* Assets.xcassets in Resources */ = {isa = PBXBuildFile; fileRef = 228B49FC2A24E03F0095B8D5 /* Assets.xcassets */; };
		228B4A002A24E03F0095B8D5 /* LaunchScreen.storyboard in Resources */ = {isa = PBXBuildFile; fileRef = 228B49FE2A24E03F0095B8D5 /* LaunchScreen.storyboard */; };
		228B4A082A24E0ED0095B8D5 /* LedView.swift in Sources */ = {isa = PBXBuildFile; fileRef = 228B4A072A24E0ED0095B8D5 /* LedView.swift */; };
/* End PBXBuildFile section */

/* Begin PBXFileReference section */
		228B49ED2A24E03D0095B8D5 /* Exercise1.app */ = {isa = PBXFileReference; explicitFileType = wrapper.application; includeInIndex = 0; path = Exercise1.app; sourceTree = BUILT_PRODUCTS_DIR; };
		228B49F02A24E03D0095B8D5 /* AppDelegate.swift */ = {isa = PBXFileReference; lastKnownFileType = sourcecode.swift; path = AppDelegate.swift; sourceTree = "<group>"; };
		228B49F22A24E03D0095B8D5 /* SceneDelegate.swift */ = {isa = PBXFileReference; lastKnownFileType = sourcecode.swift; path = SceneDelegate.swift; sourceTree = "<group>"; };
		228B49F42A24E03D0095B8D5 /* ViewController.swift */ = {isa = PBXFileReference; lastKnownFileType = sourcecode.swift; path = ViewController.swift; sourceTree = "<group>"; };
		228B49F72A24E03D0095B8D5 /* Base */ = {isa = PBXFileReference; lastKnownFileType = file.storyboard; name = Base; path = Base.lproj/Main.storyboard; sourceTree = "<group>"; };
		228B49FA2A24E03D0095B8D5 /* Exercise1.xcdatamodel */ = {isa = PBXFileReference; lastKnownFileType = wrapper.xcdatamodel; path = Exercise1.xcdatamodel; sourceTree = "<group>"; };
		228B49FC2A24E03F0095B8D5 /* Assets.xcassets */ = {isa = PBXFileReference; lastKnownFileType = folder.assetcatalog; path = Assets.xcassets; sourceTree = "<group>"; };
		228B49FF2A24E03F0095B8D5 /* Base */ = {isa = PBXFileReference; lastKnownFileType = file.storyboard; name = Base; path = Base.lproj/LaunchScreen.storyboard; sourceTree = "<group>"; };
		228B4A012A24E03F0095B8D5 /* Info.plist */ = {isa = PBXFileReference; lastKnownFileType = text.plist.xml; path = Info.plist; sourceTree = "<group>"; };
		228B4A072A24E0ED0095B8D5 /* LedView.swift */ = {isa = PBXFileReference; lastKnownFileType = sourcecode.swift; path = LedView.swift; sourceTree = "<group>"; };
/* End PBXFileReference section */

/* Begin PBXFrameworksBuildPhase section */
		228B49EA2A24E03D0095B8D5 /* Frameworks */ = {
			isa = PBXFrameworksBuildPhase;
			buildActionMask = 2147483647;
			files = (
			);
			runOnlyForDeploymentPostprocessing = 0;
		};
/* End PBXFrameworksBuildPhase section */

/* Begin PBXGroup section */
		228B49E42A24E03D0095B8D5 = {
			isa = PBXGroup;
			children = (
				228B49EF2A24E03D0095B8D5 /* Exercise1 */,
				228B49EE2A24E03D0095B8D5 /* Products */,
			);
			sourceTree = "<group>";
		};
		228B49EE2A24E03D0095B8D5 /* Products */ = {
			isa = PBXGroup;
			children = (
				228B49ED2A24E03D0095B8D5 /* Exercise1.app */,
			);
			name = Products;
			sourceTree = "<group>";
		};
		228B49EF2A24E03D0095B8D5 /* Exercise1 */ = {
			isa = PBXGroup;
			children = (
				228B49F02A24E03D0095B8D5 /* AppDelegate.swift */,
				228B49F22A24E03D0095B8D5 /* SceneDelegate.swift */,
				228B49F42A24E03D0095B8D5 /* ViewController.swift */,
				228B49F62A24E03D0095B8D5 /* Main.storyboard */,
				228B49FC2A24E03F0095B8D5 /* Assets.xcassets */,
				228B49FE2A24E03F0095B8D5 /* LaunchScreen.storyboard */,
				228B4A012A24E03F0095B8D5 /* Info.plist */,
				228B49F92A24E03D0095B8D5 /* Exercise1.xcdatamodeld */,
				228B4A072A24E0ED0095B8D5 /* LedView.swift */,
			);
			path = Exercise1;
			sourceTree = "<group>";
		};
/* End PBXGroup section */

/* Begin PBXNativeTarget section */
		228B49EC2A24E03D0095B8D5 /* Exercise1 */ = {
			isa = PBXNativeTarget;
			buildConfigurationList = 228B4A042A24E03F0095B8D5 /* Build configuration list for PBXNativeTarget "Exercise1" */;
			buildPhases = (
				228B49E92A24E03D0095B8D5 /* Sources */,
				228B49EA2A24E03D0095B8D5 /* Frameworks */,
				228B49EB2A24E03D0095B8D5 /* Resources */,
			);
			buildRules = (
			);
			dependencies = (
			);
			name = Exercise1;
			productName = Exercise1;
			productReference = 228B49ED2A24E03D0095B8D5 /* Exercise1.app */;
			productType = "com.apple.product-type.application";
		};
/* End PBXNativeTarget section */

/* Begin PBXProject section */
		228B49E52A24E03D0095B8D5 /* Project object */ = {
			isa = PBXProject;
			attributes = {
				BuildIndependentTargetsInParallel = 1;
				LastSwiftUpdateCheck = 1430;
				LastUpgradeCheck = 1430;
				TargetAttributes = {
					228B49EC2A24E03D0095B8D5 = {
						CreatedOnToolsVersion = 14.3;
					};
				};
			};
			buildConfigurationList = 228B49E82A24E03D0095B8D5 /* Build configuration list for PBXProject "Exercise1" */;
			compatibilityVersion = "Xcode 14.0";
			developmentRegion = en;
			hasScannedForEncodings = 0;
			knownRegions = (
				en,
				Base,
			);
			mainGroup = 228B49E42A24E03D0095B8D5;
			productRefGroup = 228B49EE2A24E03D0095B8D5 /* Products */;
			projectDirPath = "";
			projectRoot = "";
			targets = (
				228B49EC2A24E03D0095B8D5 /* Exercise1 */,
			);
		};
/* End PBXProject section */

/* Begin PBXResourcesBuildPhase section */
		228B49EB2A24E03D0095B8D5 /* Resources */ = {
			isa = PBXResourcesBuildPhase;
			buildActionMask = 2147483647;
			files = (
				228B4A002A24E03F0095B8D5 /* LaunchScreen.storyboard in Resources */,
				228B49FD2A24E03F0095B8D5 /* Assets.xcassets in Resources */,
				228B49F82A24E03D0095B8D5 /* Main.storyboard in Resources */,
			);
			runOnlyForDeploymentPostprocessing = 0;
		};
/* End PBXResourcesBuildPhase section */

/* Begin PBXSourcesBuildPhase section */
		228B49E92A24E03D0095B8D5 /* Sources */ = {
			isa = PBXSourcesBuildPhase;
			buildActionMask = 2147483647;
			files = (
				228B49F52A24E03D0095B8D5 /* ViewController.swift in Sources */,
				228B49F12A24E03D0095B8D5 /* AppDelegate.swift in Sources */,
				228B49F32A24E03D0095B8D5 /* SceneDelegate.swift in Sources */,
				228B4A082A24E0ED0095B8D5 /* LedView.swift in Sources */,
				228B49FB2A24E03D0095B8D5 /* Exercise1.xcdatamodeld in Sources */,
			);
			runOnlyForDeploymentPostprocessing = 0;
		};
/* End PBXSourcesBuildPhase section */

/* Begin PBXVariantGroup section */
		228B49F62A24E03D0095B8D5 /* Main.storyboard */ = {
			isa = PBXVariantGroup;
			children = (
				228B49F72A24E03D0095B8D5 /* Base */,
			);
			name = Main.storyboard;
			sourceTree = "<group>";
		};
		228B49FE2A24E03F0095B8D5 /* LaunchScreen.storyboard */ = {
			isa = PBXVariantGroup;
			children = (
				228B49FF2A24E03F0095B8D5 /* Base */,
			);
			name = LaunchScreen.storyboard;
			sourceTree = "<group>";
		};
/* End PBXVariantGroup section */

/* Begin XCBuildConfiguration section */
		228B4A022A24E03F0095B8D5 /* Debug */ = {
			isa = XCBuildConfiguration;
			buildSettings = {
				ALWAYS_SEARCH_USER_PATHS = NO;
				CLANG_ANALYZER_NONNULL = YES;
				CLANG_ANALYZER_NUMBER_OBJECT_CONVERSION = YES_AGGRESSIVE;
				CLANG_CXX_LANGUAGE_STANDARD = "gnu++20";
				CLANG_ENABLE_MODULES = YES;
				CLANG_ENABLE_OBJC_ARC = YES;
				CLANG_ENABLE_OBJC_WEAK = YES;
				CLANG_WARN_BLOCK_CAPTURE_AUTORELEASING = YES;
				CLANG_WARN_BOOL_CONVERSION = YES;
				CLANG_WARN_COMMA = YES;
				CLANG_WARN_CONSTANT_CONVERSION = YES;
				CLANG_WARN_DEPRECATED_OBJC_IMPLEMENTATIONS = YES;
				CLANG_WARN_DIRECT_OBJC_ISA_USAGE = YES_ERROR;
				CLANG_WARN_DOCUMENTATION_COMMENTS = YES;
				CLANG_WARN_EMPTY_BODY = YES;
				CLANG_WARN_ENUM_CONVERSION = YES;
				CLANG_WARN_INFINITE_RECURSION = YES;
				CLANG_WARN_INT_CONVERSION = YES;
				CLANG_WARN_NON_LITERAL_NULL_CONVERSION = YES;
				CLANG_WARN_OBJC_IMPLICIT_RETAIN_SELF = YES;
				CLANG_WARN_OBJC_LITERAL_CONVERSION = YES;
				CLANG_WARN_OBJC_ROOT_CLASS = YES_ERROR;
				CLANG_WARN_QUOTED_INCLUDE_IN_FRAMEWORK_HEADER = YES;
				CLANG_WARN_RANGE_LOOP_ANALYSIS = YES;
				CLANG_WARN_STRICT_PROTOTYPES = YES;
				CLANG_WARN_SUSPICIOUS_MOVE = YES;
				CLANG_WARN_UNGUARDED_AVAILABILITY = YES_AGGRESSIVE;
				CLANG_WARN_UNREACHABLE_CODE = YES;
				CLANG_WARN__DUPLICATE_METHOD_MATCH = YES;
				COPY_PHASE_STRIP = NO;
				DEBUG_INFORMATION_FORMAT = dwarf;
				ENABLE_STRICT_OBJC_MSGSEND = YES;
				ENABLE_TESTABILITY = YES;
				GCC_C_LANGUAGE_STANDARD = gnu11;
				GCC_DYNAMIC_NO_PIC = NO;
				GCC_NO_COMMON_BLOCKS = YES;
				GCC_OPTIMIZATION_LEVEL = 0;
				GCC_PREPROCESSOR_DEFINITIONS = (
					"DEBUG=1",
					"$(inherited)",
				);
				GCC_WARN_64_TO_32_BIT_CONVERSION = YES;
				GCC_WARN_ABOUT_RETURN_TYPE = YES_ERROR;
				GCC_WARN_UNDECLARED_SELECTOR = YES;
				GCC_WARN_UNINITIALIZED_AUTOS = YES_AGGRESSIVE;
				GCC_WARN_UNUSED_FUNCTION = YES;
				GCC_WARN_UNUSED_VARIABLE = YES;
				IPHONEOS_DEPLOYMENT_TARGET = 16.4;
				MTL_ENABLE_DEBUG_INFO = INCLUDE_SOURCE;
				MTL_FAST_MATH = YES;
				ONLY_ACTIVE_ARCH = YES;
				SDKROOT = iphoneos;
				SWIFT_ACTIVE_COMPILATION_CONDITIONS = DEBUG;
				SWIFT_OPTIMIZATION_LEVEL = "-Onone";
			};
			name = Debug;
		};
		228B4A032A24E03F0095B8D5 /* Release */ = {
			isa = XCBuildConfiguration;
			buildSettings = {
				ALWAYS_SEARCH_USER_PATHS = NO;
				CLANG_ANALYZER_NONNULL = YES;
				CLANG_ANALYZER_NUMBER_OBJECT_CONVERSION = YES_AGGRESSIVE;
				CLANG_CXX_LANGUAGE_STANDARD = "gnu++20";
				CLANG_ENABLE_MODULES = YES;
				CLANG_ENABLE_OBJC_ARC = YES;
				CLANG_ENABLE_OBJC_WEAK = YES;
				CLANG_WARN_BLOCK_CAPTURE_AUTORELEASING = YES;
				CLANG_WARN_BOOL_CONVERSION = YES;
				CLANG_WARN_COMMA = YES;
				CLANG_WARN_CONSTANT_CONVERSION = YES;
				CLANG_WARN_DEPRECATED_OBJC_IMPLEMENTATIONS = YES;
				CLANG_WARN_DIRECT_OBJC_ISA_USAGE = YES_ERROR;
				CLANG_WARN_DOCUMENTATION_COMMENTS = YES;
				CLANG_WARN_EMPTY_BODY = YES;
				CLANG_WARN_ENUM_CONVERSION = YES;
				CLANG_WARN_INFINITE_RECURSION = YES;
				CLANG_WARN_INT_CONVERSION = YES;
				CLANG_WARN_NON_LITERAL_NULL_CONVERSION = YES;
				CLANG_WARN_OBJC_IMPLICIT_RETAIN_SELF = YES;
				CLANG_WARN_OBJC_LITERAL_CONVERSION = YES;
				CLANG_WARN_OBJC_ROOT_CLASS = YES_ERROR;
				CLANG_WARN_QUOTED_INCLUDE_IN_FRAMEWORK_HEADER = YES;
				CLANG_WARN_RANGE_LOOP_ANALYSIS = YES;
				CLANG_WARN_STRICT_PROTOTYPES = YES;
				CLANG_WARN_SUSPICIOUS_MOVE = YES;
				CLANG_WARN_UNGUARDED_AVAILABILITY = YES_AGGRESSIVE;
				CLANG_WARN_UNREACHABLE_CODE = YES;
				CLANG_WARN__DUPLICATE_METHOD_MATCH = YES;
				COPY_PHASE_STRIP = NO;
				DEBUG_INFORMATION_FORMAT = "dwarf-with-dsym";
				ENABLE_NS_ASSERTIONS = NO;
				ENABLE_STRICT_OBJC_MSGSEND = YES;
				GCC_C_LANGUAGE_STANDARD = gnu11;
				GCC_NO_COMMON_BLOCKS = YES;
				GCC_WARN_64_TO_32_BIT_CONVERSION = YES;
				GCC_WARN_ABOUT_RETURN_TYPE = YES_ERROR;
				GCC_WARN_UNDECLARED_SELECTOR = YES;
				GCC_WARN_UNINITIALIZED_AUTOS = YES_AGGRESSIVE;
				GCC_WARN_UNUSED_FUNCTION = YES;
				GCC_WARN_UNUSED_VARIABLE = YES;
				IPHONEOS_DEPLOYMENT_TARGET = 16.4;
				MTL_ENABLE_DEBUG_INFO = NO;
				MTL_FAST_MATH = YES;
				SDKROOT = iphoneos;
				SWIFT_COMPILATION_MODE = wholemodule;
				SWIFT_OPTIMIZATION_LEVEL = "-O";
				VALIDATE_PRODUCT = YES;
			};
			name = Release;
		};
		228B4A052A24E03F0095B8D5 /* Debug */ = {
			isa = XCBuildConfiguration;
			buildSettings = {
				ASSETCATALOG_COMPILER_APPICON_NAME = AppIcon;
				ASSETCATALOG_COMPILER_GLOBAL_ACCENT_COLOR_NAME = AccentColor;
				CODE_SIGN_STYLE = Automatic;
				CURRENT_PROJECT_VERSION = 1;
				GENERATE_INFOPLIST_FILE = YES;
				INFOPLIST_FILE = Exercise1/Info.plist;
				INFOPLIST_KEY_UIApplicationSupportsIndirectInputEvents = YES;
				INFOPLIST_KEY_UILaunchStoryboardName = LaunchScreen;
				INFOPLIST_KEY_UIMainStoryboardFile = Main;
				INFOPLIST_KEY_UISupportedInterfaceOrientations_iPad = "UIInterfaceOrientationPortrait UIInterfaceOrientationPortraitUpsideDown UIInterfaceOrientationLandscapeLeft UIInterfaceOrientationLandscapeRight";
				INFOPLIST_KEY_UISupportedInterfaceOrientations_iPhone = "UIInterfaceOrientationPortrait UIInterfaceOrientationLandscapeLeft UIInterfaceOrientationLandscapeRight";
				LD_RUNPATH_SEARCH_PATHS = (
					"$(inherited)",
					"@executable_path/Frameworks",
				);
				MARKETING_VERSION = 1.0;
				PRODUCT_BUNDLE_IDENTIFIER = com.training.Exercise1;
				PRODUCT_NAME = "$(TARGET_NAME)";
				SWIFT_EMIT_LOC_STRINGS = YES;
				SWIFT_VERSION = 5.0;
				TARGETED_DEVICE_FAMILY = "1,2";
			};
			name = Debug;
		};
		228B4A062A24E03F0095B8D5 /* Release */ = {
			isa = XCBuildConfiguration;
			buildSettings = {
				ASSETCATALOG_COMPILER_APPICON_NAME = AppIcon;
				ASSETCATALOG_COMPILER_GLOBAL_ACCENT_COLOR_NAME = AccentColor;
				CODE_SIGN_STYLE = Automatic;
				CURRENT_PROJECT_VERSION = 1;
				GENERATE_INFOPLIST_FILE = YES;
				INFOPLIST_FILE = Exercise1/Info.plist;
				INFOPLIST_KEY_UIApplicationSupportsIndirectInputEvents = YES;
				INFOPLIST_KEY_UILaunchStoryboardName = LaunchScreen;
				INFOPLIST_KEY_UIMainStoryboardFile = Main;
				INFOPLIST_KEY_UISupportedInterfaceOrientations_iPad = "UIInterfaceOrientationPortrait UIInterfaceOrientationPortraitUpsideDown UIInterfaceOrientationLandscapeLeft UIInterfaceOrientationLandscapeRight";
				INFOPLIST_KEY_UISupportedInterfaceOrientations_iPhone = "UIInterfaceOrientationPortrait UIInterfaceOrientationLandscapeLeft UIInterfaceOrientationLandscapeRight";
				LD_RUNPATH_SEARCH_PATHS = (
					"$(inherited)",
					"@executable_path/Frameworks",
				);
				MARKETING_VERSION = 1.0;
				PRODUCT_BUNDLE_IDENTIFIER = com.training.Exercise1;
				PRODUCT_NAME = "$(TARGET_NAME)";
				SWIFT_EMIT_LOC_STRINGS = YES;
				SWIFT_VERSION = 5.0;
				TARGETED_DEVICE_FAMILY = "1,2";
			};
			name = Release;
		};
/* End XCBuildConfiguration section */

/* Begin XCConfigurationList section */
		228B49E82A24E03D0095B8D5 /* Build configuration list for PBXProject "Exercise1" */ = {
			isa = XCConfigurationList;
			buildConfigurations = (
				228B4A022A24E03F0095B8D5 /* Debug */,
				228B4A032A24E03F0095B8D5 /* Release */,
			);
			defaultConfigurationIsVisible = 0;
			defaultConfigurationName = Release;
		};
		228B4A042A24E03F0095B8D5 /* Build configuration list for PBXNativeTarget "Exercise1" */ = {
			isa = XCConfigurationList;
			buildConfigurations = (
				228B4A052A24E03F0095B8D5 /* Debug */,
				228B4A062A24E03F0095B8D5 /* Release */,
			);
			defaultConfigurationIsVisible = 0;
			defaultConfigurationName = Release;
		};
/* End XCConfigurationList section */

/* Begin XCVersionGroup section */
		228B49F92A24E03D0095B8D5 /* Exercise1.xcdatamodeld */ = {
			isa = XCVersionGroup;
			children = (
				228B49FA2A24E03D0095B8D5 /* Exercise1.xcdatamodel */,
			);
			currentVersion = 228B49FA2A24E03D0095B8D5 /* Exercise1.xcdatamodel */;
			path = Exercise1.xcdatamodeld;
			sourceTree = "<group>";
			versionGroupType = wrapper.xcdatamodel;
		};
/* End XCVersionGroup section */
	};
	rootObject = 228B49E52A24E03D0095B8D5 /* Project object */;
}
